// !$*UTF8*$!
{
	archiveVersion = 1;
	classes = {
	};
	objectVersion = 77;
	objects = {

/* Begin PBXBuildFile section */
		44104C7F2DC403F400993142 /* WhisperKit in Frameworks */ = {isa = PBXBuildFile; productRef = 44104C7E2DC403F400993142 /* WhisperKit */; };
		44104C8D2DC4111700993142 /* AudioToolbox.framework in Frameworks */ = {isa = PBXBuildFile; fileRef = 44104C8B2DC4111700993142 /* AudioToolbox.framework */; };
		44104C8E2DC4111700993142 /* AudioUnit.framework in Frameworks */ = {isa = PBXBuildFile; fileRef = 44104C8C2DC4111700993142 /* AudioUnit.framework */; };
		44104DA02DC6EB9700993142 /* hf in Resources */ = {isa = PBXBuildFile; fileRef = 44104D9F2DC6EB9700993142 /* hf */; };
		44104DB82DC6F81B00993142 /* AudioToolbox.framework in Frameworks */ = {isa = PBXBuildFile; fileRef = 44104C8B2DC4111700993142 /* AudioToolbox.framework */; };
		44104DB92DC6F81B00993142 /* AudioUnit.framework in Frameworks */ = {isa = PBXBuildFile; fileRef = 44104C8C2DC4111700993142 /* AudioUnit.framework */; };
		44104DBA2DC6F81B00993142 /* WhisperKit in Frameworks */ = {isa = PBXBuildFile; productRef = 44104DB52DC6F81B00993142 /* WhisperKit */; };
		442021E52DC7E9E800993142 /* LogStore.swift in Sources */ = {isa = PBXBuildFile; fileRef = 442021E42DC7E9E800993142 /* LogStore.swift */; };
		442021E72DC7E9E800993142 /* LogView.swift in Sources */ = {isa = PBXBuildFile; fileRef = 442021E62DC7E9E800993142 /* LogView.swift */; };
		442021E92DC7E9E800993142 /* LogWindowController.swift in Sources */ = {isa = PBXBuildFile; fileRef = 442021E82DC7E9E800993142 /* LogWindowController.swift */; };
/* End PBXBuildFile section */

/* Begin PBXFileReference section */
		44104C6E2DC402A000993142 /* WhisperTranscriber.app */ = {isa = PBXFileReference; explicitFileType = wrapper.application; includeInIndex = 0; path = WhisperTranscriber.app; sourceTree = BUILT_PRODUCTS_DIR; };
		44104C8B2DC4111700993142 /* AudioToolbox.framework */ = {isa = PBXFileReference; lastKnownFileType = wrapper.framework; name = AudioToolbox.framework; path = System/Library/Frameworks/AudioToolbox.framework; sourceTree = SDKROOT; };
		44104C8C2DC4111700993142 /* AudioUnit.framework */ = {isa = PBXFileReference; lastKnownFileType = wrapper.framework; name = AudioUnit.framework; path = System/Library/Frameworks/AudioUnit.framework; sourceTree = SDKROOT; };
		44104D9F2DC6EB9700993142 /* hf */ = {isa = PBXFileReference; lastKnownFileType = folder; name = hf; path = ../../Documents/hf; sourceTree = "<group>"; };
		44104DC02DC6F81B00993142 /* WhisperTranscriberLite.app */ = {isa = PBXFileReference; explicitFileType = wrapper.application; includeInIndex = 0; path = WhisperTranscriberLite.app; sourceTree = BUILT_PRODUCTS_DIR; };
		442021E42DC7E9E800993142 /* LogStore.swift */ = {isa = PBXFileReference; lastKnownFileType = sourcecode.swift; path = LogStore.swift; sourceTree = "<group>"; };
		442021E62DC7E9E800993142 /* LogView.swift */ = {isa = PBXFileReference; lastKnownFileType = sourcecode.swift; path = LogView.swift; sourceTree = "<group>"; };
		442021E82DC7E9E800993142 /* LogWindowController.swift */ = {isa = PBXFileReference; lastKnownFileType = sourcecode.swift; path = LogWindowController.swift; sourceTree = "<group>"; };
/* End PBXFileReference section */

/* Begin PBXFileSystemSynchronizedBuildFileExceptionSet section */
		44104CFE2DC6D2AA00993142 /* Exceptions for "WhisperTranscriber" folder in "WhisperTranscriber" target */ = {
			isa = PBXFileSystemSynchronizedBuildFileExceptionSet;
			membershipExceptions = (
				Info.plist,
				"lite-Info.plist",
			);
			target = 44104C6D2DC402A000993142 /* WhisperTranscriber */;
		};
		44104DC12DC6F81B00993142 /* Exceptions for "WhisperTranscriber" folder in "WhisperTranscriberLite" target */ = {
			isa = PBXFileSystemSynchronizedBuildFileExceptionSet;
			membershipExceptions = (
				Info.plist,
				"lite-Info.plist",
			);
			target = 44104DB42DC6F81B00993142 /* WhisperTranscriberLite */;
		};
/* End PBXFileSystemSynchronizedBuildFileExceptionSet section */

/* Begin PBXFileSystemSynchronizedRootGroup section */
		44104C702DC402A000993142 /* WhisperTranscriber */ = {
			isa = PBXFileSystemSynchronizedRootGroup;
			children = (
				442021E42DC7E9E800993142 /* LogStore.swift */,
				442021E62DC7E9E800993142 /* LogView.swift */,
				442021E82DC7E9E800993142 /* LogWindowController.swift */,
			);
			exceptions = (
				44104CFE2DC6D2AA00993142 /* Exceptions for "WhisperTranscriber" folder in "WhisperTranscriber" target */,
				44104DC12DC6F81B00993142 /* Exceptions for "WhisperTranscriber" folder in "WhisperTranscriberLite" target */,
			);
			path = WhisperTranscriber;
			sourceTree = "<group>";
		};
/* End PBXFileSystemSynchronizedRootGroup section */

/* Begin PBXFrameworksBuildPhase section */
		44104C6B2DC402A000993142 /* Frameworks */ = {
			isa = PBXFrameworksBuildPhase;
			buildActionMask = 2147483647;
			files = (
				44104C8D2DC4111700993142 /* AudioToolbox.framework in Frameworks */,
				44104C8E2DC4111700993142 /* AudioUnit.framework in Frameworks */,
				44104C7F2DC403F400993142 /* WhisperKit in Frameworks */,
			);
			runOnlyForDeploymentPostprocessing = 0;
		};
		44104DB72DC6F81B00993142 /* Frameworks */ = {
			isa = PBXFrameworksBuildPhase;
			buildActionMask = 2147483647;
			files = (
				44104DB82DC6F81B00993142 /* AudioToolbox.framework in Frameworks */,
				44104DB92DC6F81B00993142 /* AudioUnit.framework in Frameworks */,
				44104DBA2DC6F81B00993142 /* WhisperKit in Frameworks */,
			);
			runOnlyForDeploymentPostprocessing = 0;
		};
/* End PBXFrameworksBuildPhase section */

/* Begin PBXGroup section */
		44104C652DC402A000993142 = {
			isa = PBXGroup;
			children = (
				44104D9F2DC6EB9700993142 /* hf */,
				44104C702DC402A000993142 /* WhisperTranscriber */,
				44104C8A2DC4111700993142 /* Frameworks */,
				44104C6F2DC402A000993142 /* Products */,
			);
			sourceTree = "<group>";
		};
		44104C6F2DC402A000993142 /* Products */ = {
			isa = PBXGroup;
			children = (
				44104C6E2DC402A000993142 /* WhisperTranscriber.app */,
				44104DC02DC6F81B00993142 /* WhisperTranscriberLite.app */,
			);
			name = Products;
			sourceTree = "<group>";
		};
		44104C8A2DC4111700993142 /* Frameworks */ = {
			isa = PBXGroup;
			children = (
				44104C8B2DC4111700993142 /* AudioToolbox.framework */,
				44104C8C2DC4111700993142 /* AudioUnit.framework */,
			);
			name = Frameworks;
			sourceTree = "<group>";
		};
/* End PBXGroup section */

/* Begin PBXNativeTarget section */
		44104C6D2DC402A000993142 /* WhisperTranscriber */ = {
			isa = PBXNativeTarget;
			buildConfigurationList = 44104C7A2DC402A200993142 /* Build configuration list for PBXNativeTarget "WhisperTranscriber" */;
			buildPhases = (
				44104C6A2DC402A000993142 /* Sources */,
				44104C6B2DC402A000993142 /* Frameworks */,
				44104C6C2DC402A000993142 /* Resources */,
			);
			buildRules = (
			);
			dependencies = (
			);
			fileSystemSynchronizedGroups = (
				44104C702DC402A000993142 /* WhisperTranscriber */,
			);
			name = WhisperTranscriber;
			packageProductDependencies = (
				44104C7E2DC403F400993142 /* WhisperKit */,
			);
			productName = WhisperTranscriber;
			productReference = 44104C6E2DC402A000993142 /* WhisperTranscriber.app */;
			productType = "com.apple.product-type.application";
		};
		44104DB42DC6F81B00993142 /* WhisperTranscriberLite */ = {
			isa = PBXNativeTarget;
			buildConfigurationList = 44104DBD2DC6F81B00993142 /* Build configuration list for PBXNativeTarget "WhisperTranscriberLite" */;
			buildPhases = (
				44104DB62DC6F81B00993142 /* Sources */,
				44104DB72DC6F81B00993142 /* Frameworks */,
				44104DBB2DC6F81B00993142 /* Resources */,
			);
			buildRules = (
			);
			dependencies = (
			);
			fileSystemSynchronizedGroups = (
				44104C702DC402A000993142 /* WhisperTranscriber */,
			);
			name = WhisperTranscriberLite;
			packageProductDependencies = (
				44104DB52DC6F81B00993142 /* WhisperKit */,
			);
			productName = WhisperTranscriber;
			productReference = 44104DC02DC6F81B00993142 /* WhisperTranscriberLite.app */;
			productType = "com.apple.product-type.application";
		};
/* End PBXNativeTarget section */

/* Begin PBXProject section */
		44104C662DC402A000993142 /* Project object */ = {
			isa = PBXProject;
			attributes = {
				BuildIndependentTargetsInParallel = 1;
				LastSwiftUpdateCheck = 1630;
				LastUpgradeCheck = 1630;
				TargetAttributes = {
					44104C6D2DC402A000993142 = {
						CreatedOnToolsVersion = 16.3;
					};
				};
			};
			buildConfigurationList = 44104C692DC402A000993142 /* Build configuration list for PBXProject "WhisperTranscriber" */;
			developmentRegion = en;
			hasScannedForEncodings = 0;
			knownRegions = (
				en,
				Base,
			);
			mainGroup = 44104C652DC402A000993142;
			minimizedProjectReferenceProxies = 1;
			packageReferences = (
				44104C7D2DC403F400993142 /* XCLocalSwiftPackageReference "../whisperkit" */,
			);
			preferredProjectObjectVersion = 77;
			productRefGroup = 44104C6F2DC402A000993142 /* Products */;
			projectDirPath = "";
			projectRoot = "";
			targets = (
				44104C6D2DC402A000993142 /* WhisperTranscriber */,
				44104DB42DC6F81B00993142 /* WhisperTranscriberLite */,
			);
		};
/* End PBXProject section */

/* Begin PBXResourcesBuildPhase section */
		44104C6C2DC402A000993142 /* Resources */ = {
			isa = PBXResourcesBuildPhase;
			buildActionMask = 2147483647;
			files = (
				44104DA02DC6EB9700993142 /* hf in Resources */,
			);
			runOnlyForDeploymentPostprocessing = 0;
		};
		44104DBB2DC6F81B00993142 /* Resources */ = {
			isa = PBXResourcesBuildPhase;
			buildActionMask = 2147483647;
			files = (
			);
			runOnlyForDeploymentPostprocessing = 0;
		};
/* End PBXResourcesBuildPhase section */

/* Begin PBXSourcesBuildPhase section */
		44104C6A2DC402A000993142 /* Sources */ = {
			isa = PBXSourcesBuildPhase;
			buildActionMask = 2147483647;
			files = (
				442021E52DC7E9E800993142 /* LogStore.swift in Sources */,
				442021E72DC7E9E800993142 /* LogView.swift in Sources */,
				442021E92DC7E9E800993142 /* LogWindowController.swift in Sources */,
			);
			runOnlyForDeploymentPostprocessing = 0;
		};
		44104DB62DC6F81B00993142 /* Sources */ = {
			isa = PBXSourcesBuildPhase;
			buildActionMask = 2147483647;
			files = (
				442021E52DC7E9E800993142 /* LogStore.swift in Sources */,
				442021E72DC7E9E800993142 /* LogView.swift in Sources */,
				442021E92DC7E9E800993142 /* LogWindowController.swift in Sources */,
			);
			runOnlyForDeploymentPostprocessing = 0;
		};
/* End PBXSourcesBuildPhase section */

/* Begin XCBuildConfiguration section */
		44104C782DC402A200993142 /* Debug */ = {
			isa = XCBuildConfiguration;
			buildSettings = {
				ALWAYS_SEARCH_USER_PATHS = NO;
				ASSETCATALOG_COMPILER_GENERATE_SWIFT_ASSET_SYMBOL_EXTENSIONS = YES;
				CLANG_ANALYZER_NONNULL = YES;
				CLANG_ANALYZER_NUMBER_OBJECT_CONVERSION = YES_AGGRESSIVE;
				CLANG_CXX_LANGUAGE_STANDARD = "gnu++20";
				CLANG_ENABLE_MODULES = YES;
				CLANG_ENABLE_OBJC_ARC = YES;
				CLANG_ENABLE_OBJC_WEAK = YES;
				CLANG_WARN_BLOCK_CAPTURE_AUTORELEASING = YES;
				CLANG_WARN_BOOL_CONVERSION = YES;
				CLANG_WARN_COMMA = YES;
				CLANG_WARN_CONSTANT_CONVERSION = YES;
				CLANG_WARN_DEPRECATED_OBJC_IMPLEMENTATIONS = YES;
				CLANG_WARN_DIRECT_OBJC_ISA_USAGE = YES_ERROR;
				CLANG_WARN_DOCUMENTATION_COMMENTS = YES;
				CLANG_WARN_EMPTY_BODY = YES;
				CLANG_WARN_ENUM_CONVERSION = YES;
				CLANG_WARN_INFINITE_RECURSION = YES;
				CLANG_WARN_INT_CONVERSION = YES;
				CLANG_WARN_NON_LITERAL_NULL_CONVERSION = YES;
				CLANG_WARN_OBJC_IMPLICIT_RETAIN_SELF = YES;
				CLANG_WARN_OBJC_LITERAL_CONVERSION = YES;
				CLANG_WARN_OBJC_ROOT_CLASS = YES_ERROR;
				CLANG_WARN_QUOTED_INCLUDE_IN_FRAMEWORK_HEADER = YES;
				CLANG_WARN_RANGE_LOOP_ANALYSIS = YES;
				CLANG_WARN_STRICT_PROTOTYPES = YES;
				CLANG_WARN_SUSPICIOUS_MOVE = YES;
				CLANG_WARN_UNGUARDED_AVAILABILITY = YES_AGGRESSIVE;
				CLANG_WARN_UNREACHABLE_CODE = YES;
				CLANG_WARN__DUPLICATE_METHOD_MATCH = YES;
				COPY_PHASE_STRIP = NO;
				DEAD_CODE_STRIPPING = YES;
				DEBUG_INFORMATION_FORMAT = dwarf;
				DEVELOPMENT_TEAM = 3QYF6TV64Q;
				ENABLE_STRICT_OBJC_MSGSEND = YES;
				ENABLE_TESTABILITY = YES;
				ENABLE_USER_SCRIPT_SANDBOXING = YES;
				GCC_C_LANGUAGE_STANDARD = gnu17;
				GCC_DYNAMIC_NO_PIC = NO;
				GCC_NO_COMMON_BLOCKS = YES;
				GCC_OPTIMIZATION_LEVEL = 0;
				GCC_PREPROCESSOR_DEFINITIONS = (
					"DEBUG=1",
					"$(inherited)",
				);
				GCC_WARN_64_TO_32_BIT_CONVERSION = YES;
				GCC_WARN_ABOUT_RETURN_TYPE = YES_ERROR;
				GCC_WARN_UNDECLARED_SELECTOR = YES;
				GCC_WARN_UNINITIALIZED_AUTOS = YES_AGGRESSIVE;
				GCC_WARN_UNUSED_FUNCTION = YES;
				GCC_WARN_UNUSED_VARIABLE = YES;
				LOCALIZATION_PREFERS_STRING_CATALOGS = YES;
				MACOSX_DEPLOYMENT_TARGET = 15.4;
				MTL_ENABLE_DEBUG_INFO = INCLUDE_SOURCE;
				MTL_FAST_MATH = YES;
				ONLY_ACTIVE_ARCH = YES;
				SDKROOT = macosx;
				SWIFT_ACTIVE_COMPILATION_CONDITIONS = "DEBUG $(inherited)";
				SWIFT_OPTIMIZATION_LEVEL = "-Onone";
			};
			name = Debug;
		};
		44104C792DC402A200993142 /* Release */ = {
			isa = XCBuildConfiguration;
			buildSettings = {
				ALWAYS_SEARCH_USER_PATHS = NO;
				ASSETCATALOG_COMPILER_GENERATE_SWIFT_ASSET_SYMBOL_EXTENSIONS = YES;
				CLANG_ANALYZER_NONNULL = YES;
				CLANG_ANALYZER_NUMBER_OBJECT_CONVERSION = YES_AGGRESSIVE;
				CLANG_CXX_LANGUAGE_STANDARD = "gnu++20";
				CLANG_ENABLE_MODULES = YES;
				CLANG_ENABLE_OBJC_ARC = YES;
				CLANG_ENABLE_OBJC_WEAK = YES;
				CLANG_WARN_BLOCK_CAPTURE_AUTORELEASING = YES;
				CLANG_WARN_BOOL_CONVERSION = YES;
				CLANG_WARN_COMMA = YES;
				CLANG_WARN_CONSTANT_CONVERSION = YES;
				CLANG_WARN_DEPRECATED_OBJC_IMPLEMENTATIONS = YES;
				CLANG_WARN_DIRECT_OBJC_ISA_USAGE = YES_ERROR;
				CLANG_WARN_DOCUMENTATION_COMMENTS = YES;
				CLANG_WARN_EMPTY_BODY = YES;
				CLANG_WARN_ENUM_CONVERSION = YES;
				CLANG_WARN_INFINITE_RECURSION = YES;
				CLANG_WARN_INT_CONVERSION = YES;
				CLANG_WARN_NON_LITERAL_NULL_CONVERSION = YES;
				CLANG_WARN_OBJC_IMPLICIT_RETAIN_SELF = YES;
				CLANG_WARN_OBJC_LITERAL_CONVERSION = YES;
				CLANG_WARN_OBJC_ROOT_CLASS = YES_ERROR;
				CLANG_WARN_QUOTED_INCLUDE_IN_FRAMEWORK_HEADER = YES;
				CLANG_WARN_RANGE_LOOP_ANALYSIS = YES;
				CLANG_WARN_STRICT_PROTOTYPES = YES;
				CLANG_WARN_SUSPICIOUS_MOVE = YES;
				CLANG_WARN_UNGUARDED_AVAILABILITY = YES_AGGRESSIVE;
				CLANG_WARN_UNREACHABLE_CODE = YES;
				CLANG_WARN__DUPLICATE_METHOD_MATCH = YES;
				COPY_PHASE_STRIP = NO;
				DEAD_CODE_STRIPPING = YES;
				DEBUG_INFORMATION_FORMAT = "dwarf-with-dsym";
				DEVELOPMENT_TEAM = 3QYF6TV64Q;
				ENABLE_NS_ASSERTIONS = NO;
				ENABLE_STRICT_OBJC_MSGSEND = YES;
				ENABLE_USER_SCRIPT_SANDBOXING = YES;
				GCC_C_LANGUAGE_STANDARD = gnu17;
				GCC_NO_COMMON_BLOCKS = YES;
				GCC_WARN_64_TO_32_BIT_CONVERSION = YES;
				GCC_WARN_ABOUT_RETURN_TYPE = YES_ERROR;
				GCC_WARN_UNDECLARED_SELECTOR = YES;
				GCC_WARN_UNINITIALIZED_AUTOS = YES_AGGRESSIVE;
				GCC_WARN_UNUSED_FUNCTION = YES;
				GCC_WARN_UNUSED_VARIABLE = YES;
				LOCALIZATION_PREFERS_STRING_CATALOGS = YES;
				MACOSX_DEPLOYMENT_TARGET = 15.4;
				MTL_ENABLE_DEBUG_INFO = NO;
				MTL_FAST_MATH = YES;
				SDKROOT = macosx;
				SWIFT_COMPILATION_MODE = wholemodule;
			};
			name = Release;
		};
		44104C7B2DC402A200993142 /* Debug */ = {
			isa = XCBuildConfiguration;
			buildSettings = {
				ASSETCATALOG_COMPILER_APPICON_NAME = AppIcon.icns;
				ASSETCATALOG_COMPILER_GLOBAL_ACCENT_COLOR_NAME = AccentColor;
				CODE_SIGN_ENTITLEMENTS = WhisperTranscriber/WhisperTranscriber.entitlements;
				CODE_SIGN_STYLE = Automatic;
				COMBINE_HIDPI_IMAGES = YES;
				CURRENT_PROJECT_VERSION = 6;
				DEAD_CODE_STRIPPING = YES;
				DEVELOPMENT_TEAM = 3QYF6TV64Q;
				ENABLE_HARDENED_RUNTIME = YES;
				ENABLE_PREVIEWS = YES;
				GENERATE_INFOPLIST_FILE = NO;
				INFOPLIST_FILE = WhisperTranscriber/Info.plist;
				INFOPLIST_KEY_CFBundleDisplayName = "Whisper Transcriber";
				INFOPLIST_KEY_LSApplicationCategoryType = "public.app-category.productivity";
				INFOPLIST_KEY_NSHumanReadableCopyright = "";
				LD_RUNPATH_SEARCH_PATHS = (
					"$(inherited)",
					"@executable_path/../Frameworks",
				);
				MARKETING_VERSION = 1.1;
				PRODUCT_BUNDLE_IDENTIFIER = com.joaoanes.WhisperTranscriber;
				PRODUCT_NAME = "$(TARGET_NAME)";
				REGISTER_APP_GROUPS = YES;
				SWIFT_EMIT_LOC_STRINGS = YES;
				SWIFT_VERSION = 5.0;
			};
			name = Debug;
		};
		44104C7C2DC402A200993142 /* Release */ = {
			isa = XCBuildConfiguration;
			buildSettings = {
				ASSETCATALOG_COMPILER_APPICON_NAME = AppIcon.icns;
				ASSETCATALOG_COMPILER_GLOBAL_ACCENT_COLOR_NAME = AccentColor;
				CODE_SIGN_ENTITLEMENTS = WhisperTranscriber/WhisperTranscriber.entitlements;
				CODE_SIGN_STYLE = Automatic;
				COMBINE_HIDPI_IMAGES = YES;
				CURRENT_PROJECT_VERSION = 6;
				DEAD_CODE_STRIPPING = YES;
				DEVELOPMENT_TEAM = 3QYF6TV64Q;
				ENABLE_HARDENED_RUNTIME = YES;
				ENABLE_PREVIEWS = YES;
				GENERATE_INFOPLIST_FILE = NO;
				INFOPLIST_FILE = WhisperTranscriber/Info.plist;
				INFOPLIST_KEY_CFBundleDisplayName = "Whisper Transcriber";
				INFOPLIST_KEY_LSApplicationCategoryType = "public.app-category.productivity";
				INFOPLIST_KEY_NSHumanReadableCopyright = "";
				LD_RUNPATH_SEARCH_PATHS = (
					"$(inherited)",
					"@executable_path/../Frameworks",
				);
				MARKETING_VERSION = 1.1;
				PRODUCT_BUNDLE_IDENTIFIER = com.joaoanes.WhisperTranscriber;
				PRODUCT_NAME = "$(TARGET_NAME)";
				REGISTER_APP_GROUPS = YES;
				SWIFT_EMIT_LOC_STRINGS = YES;
				SWIFT_VERSION = 5.0;
			};
			name = Release;
		};
		44104DBE2DC6F81B00993142 /* Debug */ = {
			isa = XCBuildConfiguration;
			buildSettings = {
				ASSETCATALOG_COMPILER_APPICON_NAME = AppIcon.icns;
				ASSETCATALOG_COMPILER_GLOBAL_ACCENT_COLOR_NAME = AccentColor;
				CODE_SIGN_ENTITLEMENTS = WhisperTranscriber/WhisperTranscriber.entitlements;
				CODE_SIGN_STYLE = Automatic;
				COMBINE_HIDPI_IMAGES = YES;
				CURRENT_PROJECT_VERSION = 5;
				DEAD_CODE_STRIPPING = YES;
				DEVELOPMENT_TEAM = 3QYF6TV64Q;
				ENABLE_HARDENED_RUNTIME = YES;
				ENABLE_PREVIEWS = YES;
				GENERATE_INFOPLIST_FILE = NO;
				INFOPLIST_FILE = "WhisperTranscriber/lite-Info.plist";
				INFOPLIST_KEY_CFBundleDisplayName = "Whisper Transcriber (Lite)";
				INFOPLIST_KEY_LSApplicationCategoryType = "public.app-category.productivity";
				INFOPLIST_KEY_NSHumanReadableCopyright = "";
				LD_RUNPATH_SEARCH_PATHS = (
					"$(inherited)",
					"@executable_path/../Frameworks",
				);
				MARKETING_VERSION = 1.0;
				PRODUCT_BUNDLE_IDENTIFIER = com.joaoanes.WhisperTranscriberLite;
				PRODUCT_NAME = "$(TARGET_NAME)";
				REGISTER_APP_GROUPS = YES;
				SWIFT_ACTIVE_COMPILATION_CONDITIONS = "LITE_MODE DEBUG";
				SWIFT_EMIT_LOC_STRINGS = YES;
				SWIFT_VERSION = 5.0;
			};
			name = Debug;
		};
		44104DBF2DC6F81B00993142 /* Release */ = {
			isa = XCBuildConfiguration;
			buildSettings = {
				ASSETCATALOG_COMPILER_APPICON_NAME = AppIcon.icns;
				ASSETCATALOG_COMPILER_GLOBAL_ACCENT_COLOR_NAME = AccentColor;
				CODE_SIGN_ENTITLEMENTS = WhisperTranscriber/WhisperTranscriber.entitlements;
				CODE_SIGN_STYLE = Automatic;
				COMBINE_HIDPI_IMAGES = YES;
				CURRENT_PROJECT_VERSION = 5;
				DEAD_CODE_STRIPPING = YES;
				DEVELOPMENT_TEAM = 3QYF6TV64Q;
				ENABLE_HARDENED_RUNTIME = YES;
				ENABLE_PREVIEWS = YES;
				GENERATE_INFOPLIST_FILE = NO;
				INFOPLIST_FILE = "WhisperTranscriber/lite-Info.plist";
				INFOPLIST_KEY_CFBundleDisplayName = "Whisper Transcriber (Lite)";
				INFOPLIST_KEY_LSApplicationCategoryType = "public.app-category.productivity";
				INFOPLIST_KEY_NSHumanReadableCopyright = "";
				LD_RUNPATH_SEARCH_PATHS = (
					"$(inherited)",
					"@executable_path/../Frameworks",
				);
				MARKETING_VERSION = 1.0;
				PRODUCT_BUNDLE_IDENTIFIER = com.joaoanes.WhisperTranscriberLite;
				PRODUCT_NAME = "$(TARGET_NAME)";
				REGISTER_APP_GROUPS = YES;
				SWIFT_ACTIVE_COMPILATION_CONDITIONS = LITE_MODE;
				SWIFT_EMIT_LOC_STRINGS = YES;
				SWIFT_VERSION = 5.0;
			};
			name = Release;
		};
/* End XCBuildConfiguration section */

/* Begin XCConfigurationList section */
		44104C692DC402A000993142 /* Build configuration list for PBXProject "WhisperTranscriber" */ = {
			isa = XCConfigurationList;
			buildConfigurations = (
				44104C782DC402A200993142 /* Debug */,
				44104C792DC402A200993142 /* Release */,
			);
			defaultConfigurationIsVisible = 0;
			defaultConfigurationName = Release;
		};
		44104C7A2DC402A200993142 /* Build configuration list for PBXNativeTarget "WhisperTranscriber" */ = {
			isa = XCConfigurationList;
			buildConfigurations = (
				44104C7B2DC402A200993142 /* Debug */,
				44104C7C2DC402A200993142 /* Release */,
			);
			defaultConfigurationIsVisible = 0;
			defaultConfigurationName = Release;
		};
		44104DBD2DC6F81B00993142 /* Build configuration list for PBXNativeTarget "WhisperTranscriberLite" */ = {
			isa = XCConfigurationList;
			buildConfigurations = (
				44104DBE2DC6F81B00993142 /* Debug */,
				44104DBF2DC6F81B00993142 /* Release */,
			);
			defaultConfigurationIsVisible = 0;
			defaultConfigurationName = Release;
		};
/* End XCConfigurationList section */

/* Begin XCLocalSwiftPackageReference section */
		44104C7D2DC403F400993142 /* XCLocalSwiftPackageReference "../whisperkit" */ = {
			isa = XCLocalSwiftPackageReference;
			relativePath = ../whisperkit;
		};
/* End XCLocalSwiftPackageReference section */

/* Begin XCSwiftPackageProductDependency section */
		44104C7E2DC403F400993142 /* WhisperKit */ = {
			isa = XCSwiftPackageProductDependency;
			productName = WhisperKit;
		};
		44104DB52DC6F81B00993142 /* WhisperKit */ = {
			isa = XCSwiftPackageProductDependency;
			productName = WhisperKit;
		};
/* End XCSwiftPackageProductDependency section */
	};
	rootObject = 44104C662DC402A000993142 /* Project object */;
}
